
Microsoft Visual Studio Solution File, Format Version 12.00
# Visual Studio 2012
Project("{8BC9CEB8-8B4A-11D0-8D11-00A0C91BC942}") = "particle14", "particle14.vcxproj", "{6009A15B-0687-4D38-BBB5-FD1CAEA55C6E}"
EndProject
Global
	GlobalSection(SolutionConfigurationPlatforms) = preSolution
		Debug|Win32 = Debug|Win32
		Debug|x64 = Debug|x64
		Release|Win32 = Release|Win32
		Release|x64 = Release|x64
	EndGlobalSection
	GlobalSection(ProjectConfigurationPlatforms) = postSolution
		{6009A15B-0687-4D38-BBB5-FD1CAEA55C6E}.Debug|Win32.ActiveCfg = Debug|Win32
		{6009A15B-0687-4D38-BBB5-FD1CAEA55C6E}.Debug|Win32.Build.0 = Debug|Win32
		{6009A15B-0687-4D38-BBB5-FD1CAEA55C6E}.Debug|x64.ActiveCfg = Debug|x64
		{6009A15B-0687-4D38-BBB5-FD1CAEA55C6E}.Debug|x64.Build.0 = Debug|x64
		{6009A15B-0687-4D38-BBB5-FD1CAEA55C6E}.Release|Win32.ActiveCfg = Release|Win32
		{6009A15B-0687-4D38-BBB5-FD1CAEA55C6E}.Release|Win32.Build.0 = Release|Win32
		{6009A15B-0687-4D38-BBB5-FD1CAEA55C6E}.Release|x64.ActiveCfg = Release|x64
		{6009A15B-0687-4D38-BBB5-FD1CAEA55C6E}.Release|x64.Build.0 = Release|x64
	EndGlobalSection
	GlobalSection(SolutionProperties) = preSolution
		HideSolutionNode = FALSE
	EndGlobalSection
EndGlobal
